
Microsoft Visual Studio Solution File, Format Version 12.00
# Visual Studio 15
VisualStudioVersion = 15.0.27428.2043
MinimumVisualStudioVersion = 10.0.40219.1
Project("{FAE04EC0-301F-11D3-BF4B-00C04F79EFBC}") = "button test", "button test\button test.csproj", "{8A20E7AF-C24B-4F9A-B508-2601B4743747}"
EndProject
Global
	GlobalSection(SolutionConfigurationPlatforms) = preSolution
		Debug|Any CPU = Debug|Any CPU
		Release|Any CPU = Release|Any CPU
	EndGlobalSection
	GlobalSection(ProjectConfigurationPlatforms) = postSolution
		{8A20E7AF-C24B-4F9A-B508-2601B4743747}.Debug|Any CPU.ActiveCfg = Debug|Any CPU
		{8A20E7AF-C24B-4F9A-B508-2601B4743747}.Debug|Any CPU.Build.0 = Debug|Any CPU
		{8A20E7AF-C24B-4F9A-B508-2601B4743747}.Release|Any CPU.ActiveCfg = Release|Any CPU
		{8A20E7AF-C24B-4F9A-B508-2601B4743747}.Release|Any CPU.Build.0 = Release|Any CPU
	EndGlobalSection
	GlobalSection(SolutionProperties) = preSolution
		HideSolutionNode = FALSE
	EndGlobalSection
	GlobalSection(ExtensibilityGlobals) = postSolution
		SolutionGuid = {2CC91C7D-236E-445B-9715-D7D7DB59E841}
	EndGlobalSection
EndGlobal
